
Microsoft Visual Studio Solution File, Format Version 12.00
# Visual Studio Version 17
VisualStudioVersion = 17.11.35208.52
MinimumVisualStudioVersion = 10.0.40219.1
Project("{FAE04EC0-301F-11D3-BF4B-00C04F79EFBC}") = "ShopStack99", "ShopStack99.csproj", "{FA02EA5B-242E-4711-98B5-2BE515C12660}"
EndProject
Global
	GlobalSection(SolutionConfigurationPlatforms) = preSolution
		Debug|Any CPU = Debug|Any CPU
		Release|Any CPU = Release|Any CPU
	EndGlobalSection
	GlobalSection(ProjectConfigurationPlatforms) = postSolution
		{FA02EA5B-242E-4711-98B5-2BE515C12660}.Debug|Any CPU.ActiveCfg = Debug|Any CPU
		{FA02EA5B-242E-4711-98B5-2BE515C12660}.Debug|Any CPU.Build.0 = Debug|Any CPU
		{FA02EA5B-242E-4711-98B5-2BE515C12660}.Release|Any CPU.ActiveCfg = Release|Any CPU
		{FA02EA5B-242E-4711-98B5-2BE515C12660}.Release|Any CPU.Build.0 = Release|Any CPU
	EndGlobalSection
	GlobalSection(SolutionProperties) = preSolution
		HideSolutionNode = FALSE
	EndGlobalSection
	GlobalSection(ExtensibilityGlobals) = postSolution
		SolutionGuid = {144A5984-0A2E-4582-A483-C86274C2C381}
	EndGlobalSection
EndGlobal
